
Microsoft Visual Studio Solution File, Format Version 12.00
# Visual Studio Version 17
VisualStudioVersion = 17.11.35222.181
MinimumVisualStudioVersion = 10.0.40219.1
Project("{9A19103F-16F7-4668-BE54-9A1E7A4F7556}") = "EM.WebApp", "EM.WebApp\EM.WebApp.csproj", "{15635D2F-06FD-4BBD-BA08-0602B4AE823E}"
EndProject
Project("{9A19103F-16F7-4668-BE54-9A1E7A4F7556}") = "UseCases", "EM,UseCases\UseCases.csproj", "{BED945AF-DAF5-4DC8-8C35-AE2A1F8945A7}"
EndProject
Project("{9A19103F-16F7-4668-BE54-9A1E7A4F7556}") = "Models", "EM.CoreBusiness\Models.csproj", "{92B75782-6872-4281-BE9B-10054ED35E3A}"
EndProject
Project("{2150E333-8FDC-42A3-9474-1A3956D46DE8}") = "EM.Plugins", "EM.Plugins", "{8BF5DEFE-C007-4BFB-941D-AC38879212B9}"
EndProject
Project("{9A19103F-16F7-4668-BE54-9A1E7A4F7556}") = "Plugins.SQLServer", "EM.Plugins.EFCoreSQL\Plugins.SQLServer.csproj", "{B1790BF5-D288-49D8-BAD4-D9885DA2F892}"
EndProject
Global
	GlobalSection(SolutionConfigurationPlatforms) = preSolution
		Debug|Any CPU = Debug|Any CPU
		Release|Any CPU = Release|Any CPU
	EndGlobalSection
	GlobalSection(ProjectConfigurationPlatforms) = postSolution
		{15635D2F-06FD-4BBD-BA08-0602B4AE823E}.Debug|Any CPU.ActiveCfg = Debug|Any CPU
		{15635D2F-06FD-4BBD-BA08-0602B4AE823E}.Debug|Any CPU.Build.0 = Debug|Any CPU
		{15635D2F-06FD-4BBD-BA08-0602B4AE823E}.Release|Any CPU.ActiveCfg = Release|Any CPU
		{15635D2F-06FD-4BBD-BA08-0602B4AE823E}.Release|Any CPU.Build.0 = Release|Any CPU
		{BED945AF-DAF5-4DC8-8C35-AE2A1F8945A7}.Debug|Any CPU.ActiveCfg = Debug|Any CPU
		{BED945AF-DAF5-4DC8-8C35-AE2A1F8945A7}.Debug|Any CPU.Build.0 = Debug|Any CPU
		{BED945AF-DAF5-4DC8-8C35-AE2A1F8945A7}.Release|Any CPU.ActiveCfg = Release|Any CPU
		{BED945AF-DAF5-4DC8-8C35-AE2A1F8945A7}.Release|Any CPU.Build.0 = Release|Any CPU
		{92B75782-6872-4281-BE9B-10054ED35E3A}.Debug|Any CPU.ActiveCfg = Debug|Any CPU
		{92B75782-6872-4281-BE9B-10054ED35E3A}.Debug|Any CPU.Build.0 = Debug|Any CPU
		{92B75782-6872-4281-BE9B-10054ED35E3A}.Release|Any CPU.ActiveCfg = Release|Any CPU
		{92B75782-6872-4281-BE9B-10054ED35E3A}.Release|Any CPU.Build.0 = Release|Any CPU
		{B1790BF5-D288-49D8-BAD4-D9885DA2F892}.Debug|Any CPU.ActiveCfg = Debug|Any CPU
		{B1790BF5-D288-49D8-BAD4-D9885DA2F892}.Debug|Any CPU.Build.0 = Debug|Any CPU
		{B1790BF5-D288-49D8-BAD4-D9885DA2F892}.Release|Any CPU.ActiveCfg = Release|Any CPU
		{B1790BF5-D288-49D8-BAD4-D9885DA2F892}.Release|Any CPU.Build.0 = Release|Any CPU
	EndGlobalSection
	GlobalSection(SolutionProperties) = preSolution
		HideSolutionNode = FALSE
	EndGlobalSection
	GlobalSection(NestedProjects) = preSolution
		{B1790BF5-D288-49D8-BAD4-D9885DA2F892} = {8BF5DEFE-C007-4BFB-941D-AC38879212B9}
	EndGlobalSection
	GlobalSection(ExtensibilityGlobals) = postSolution
		SolutionGuid = {D059AD37-DCD6-4DA9-8E74-9ECE31A14C44}
	EndGlobalSection
EndGlobal
